{
  "name": "upload-base64-action-function",
  "version": "1.0.0",
  "lockfileVersion": 3,
  "requires": true,
  "packages": {
    "": {
      "name": "upload-base64-action-function",
      "version": "1.0.0",
      "dependencies": {
        "Base64": "^1.2.0"
      }
    },
    "node_modules/Base64": {
      "version": "1.2.0",
      "resolved": "https://registry.npmjs.org/Base64/-/Base64-1.2.0.tgz",
      "integrity": "sha512-ZjJhVKZWYWbiq9Sf2HqcXS5qLiaHAvJcq3yc+j0gBgIMasMY/hAHxum30QxrXEG13TNUMwZhuWTT3fIFC4UBJw=="
    }
  }
}
